PODS:
  - CameraManager (3.2.0)
  - CocoaLumberjack/Default (3.1.0)
  - CocoaLumberjack/Swift (3.1.0):
    - CocoaLumberjack/Default

DEPENDENCIES:
  - CameraManager (from `https://github.com/Inspectful/CameraManager.git`)
  - CocoaLumberjack/Swift

EXTERNAL SOURCES:
  CameraManager:
    :git: https://github.com/Inspectful/CameraManager.git

CHECKOUT OPTIONS:
  CameraManager:
    :commit: ee8cfe031cb5e9207b276067f06912bf6cb311a5
    :git: https://github.com/Inspectful/CameraManager.git

SPEC CHECKSUMS:
  CameraManager: be6367a9408d279a54ac30d9772d46063cd0979b
  CocoaLumberjack: 8311463ddf9ee86a06ef92a071dd656c89244500

PODFILE CHECKSUM: b76f64f5884b0623e65f509f1ea48ed3101e16c1

COCOAPODS: 1.2.1.beta.1
